hash: 8994fd51237016fd16145fe14b919d75ab3f6a6f3f21e57616c074a3d9f79b85
updated: 2016-11-23T15:36:31.708191424+09:00
imports:
- name: github.com/aerospike/aerospike-client-go
  version: 43beaedd687afef4bc62fdb128408611a5ed6ee5
  subpackages:
  - internal/lua
  - internal/lua/resources
  - logger
  - pkg/bcrypt
  - pkg/ripemd160
  - types
  - types/atomic
  - types/particle_type
  - types/rand
  - utils/buffer
- name: github.com/yuin/gopher-lua
  version: d0d5dd3565a9f3c86ff5bc42a0b1cc9e5bfcf55e
  subpackages:
  - ast
  - parse
  - pm
testImports: []
