github.com/OneOfOne/xxhash v1.2.5 h1:zl/OfRA6nftbBK9qTohYBJ5xvw6C/oNKizR7cZGl3cI=
github.com/OneOfOne/xxhash v1.2.5/go.mod h1:eZbhyaAYD41SGSSsnmcpxVoRiQ/MPUTjUdIIOT9Um7Q=
github.com/PuerkitoBio/goquery v1.5.0 h1:uGvmFXOA73IKluu/F84Xd1tt/z07GYm8X49XKHP7EJk=
github.com/PuerkitoBio/goquery v1.5.0/go.mod h1:qD2PgZ9lccMbQlc7eEOjaeRlFQON7xY8kdmcsrnKqMg=
github.com/aerogo/aero v1.0.5 h1:nzKBINPlV2SSauexoNcXbFEipjaPV6W0lCHytwgH/E4=
github.com/aerogo/aero v1.0.5/go.mod h1:kTOk0z9+PYwZqFfyXwky1Zam7a06fq2IN/qmf6mRgdg=
github.com/aerogo/aero v1.0.6 h1:wGtdBYhieRHkdLJIT8ekIkQH8NUfnI8fzPNtLZHI7Pk=
github.com/aerogo/aero v1.0.6/go.mod h1:Ai+qMqlGpSg5oq3lVqPqOh0zpyCJwT7bLxecdM164+0=
github.com/aerogo/aero v1.1.1 h1:EgFwiU87K3Zt+rhkrzx4+U412pMi5onRsDKhMOfJCpU=
github.com/aerogo/aero v1.1.1/go.mod h1:GD7hyz4bLaDumYYNVJogq7ZjWZqmHpRPbkSl11MAhHI=
github.com/aerogo/api v0.1.3 h1:5lYFrFjDX+/y8/oHK1p4MwdD6ZFXAXVCrscC3T31yDk=
github.com/aerogo/api v0.1.3/go.mod h1:txxRYzUDA2FRqCCLOfyPqHfHD/Ww0Zlbr8rB0a3psAM=
github.com/aerogo/cluster v0.1.3 h1:Pm+gdmXLtgXtvFdtYY6zVuHw72ax5yf11sLmpINmK4U=
github.com/aerogo/cluster v0.1.3/go.mod h1:lsMuIQ2gNlA0xUD9PJTGohL4nsbqH5WYS8l5d1XPRN4=
github.com/aerogo/csp v0.1.3 h1:1KPWzdfLRNllCTQx+KkxmcUBHiq2mBJcfjj4OUOgEUw=
github.com/aerogo/csp v0.1.3/go.mod h1:KNqnTFffuDwIPJxBEFTl3baBx+x3Vw+9kcMfu5APFJA=
github.com/aerogo/flow v0.1.1 h1:airfjOX4OlnD3vYV4z0nLLvisMpCqDngG3L8VPpNQEM=
github.com/aerogo/flow v0.1.1/go.mod h1:keyN5DTTeIzXFwmXPlfafDkx2NL+gZKEQk1sEQYgIZU=
github.com/aerogo/http v0.1.1/go.mod h1:biG/HWNyTuOlNiyQgGTw9Vg6QFpZf5f1qsGJAocmAsI=
github.com/aerogo/http v0.1.2 h1:3O2qhk2H5HkJg9QzMGEF7z04xRTyrD1raNV1z5QBpaY=
github.com/aerogo/http v0.1.2/go.mod h1:biG/HWNyTuOlNiyQgGTw9Vg6QFpZf5f1qsGJAocmAsI=
github.com/aerogo/http v1.0.0 h1:15a7Px8wGZbmgFqJMR1kBy3fWFkDfMZWexJzxhmFKe4=
github.com/aerogo/http v1.0.0/go.mod h1:B1igUmMLpE6KabMpc9reHCJJNUOJ2U/PR9s1fF3TpPQ=
github.com/aerogo/http v1.0.1 h1:KTzYarhp5yougurxuAhJKFh3YvZ7R7CfaDVwJv5+xIs=
github.com/aerogo/http v1.0.1/go.mod h1:B1igUmMLpE6KabMpc9reHCJJNUOJ2U/PR9s1fF3TpPQ=
github.com/aerogo/linter-performance v0.1.2 h1:eKETM6L+7PGTh40p9dtZFE4ZXIS8Fho8wDSvGQwiqB0=
github.com/aerogo/linter-performance v0.1.2/go.mod h1:JSCLikuDNLUERoJ4jmGJqgp8yE/gDPF+4v4yfdEviYw=
github.com/aerogo/linter-performance v0.1.3 h1:nHdUfSZwZQZR2P9hmVIbjPXtqghgzLDQjAJ6rmV9Yxg=
github.com/aerogo/linter-performance v0.1.3/go.mod h1:/W99F0NTxhldKvxnvaYTnx25MKUNbcHlt+T/jeOJ6m8=
github.com/aerogo/linter-performance v1.0.0 h1:p+v7jfDHFXGzJ367iTdmKk2dKiqtz/TkHJMDRLWKFjs=
github.com/aerogo/linter-performance v1.0.0/go.mod h1:rsWhUG/KiUz+WRGSRkyN5kxbY1QEOshDdvW3zYAjF+Q=
github.com/aerogo/markdown v0.1.4 h1:gbmE2hKJ4xuhOARyacGOt0iPn1f+z72WIf8517+4bxM=
github.com/aerogo/markdown v0.1.4/go.mod h1:em1ombYBbeT+jaboyry1mna35K6I6xPb6/V6RNsDkSI=
github.com/aerogo/mirror v0.1.2 h1:SrCxLhZcdZoCdLcLNCRoBhj6wfv1MKTPtLEwK2x6AOA=
github.com/aerogo/mirror v0.1.2/go.mod h1:7DstyO+lx2SfGHKbeKK+OnptcUYf9aF+2bVCSb2C45E=
github.com/aerogo/nano v0.1.4 h1:t52/RbpKRpefR1whAbv2QQfyTTzx45ubfgeRrbnpCvg=
github.com/aerogo/nano v0.1.4/go.mod h1:EUL44K/8JjFGe1Eo+Ur5M6w0rFjIKfwmYPMLHQ1+DAU=
github.com/aerogo/packet v0.1.3 h1:8SrI9KLYQiGAcDElvWeXAKqnydSIBDw0H5+y4A1fZuM=
github.com/aerogo/packet v0.1.3/go.mod h1:/t25yF9WG8B5/QB7wTiHLqwCEQ+nAze7uNm/JJNDQbQ=
github.com/aerogo/session v0.1.1 h1:NBy3+fPwyHAzollumyqptLIyLjFyHuIwYDcQOll7UVE=
github.com/aerogo/session v0.1.1/go.mod h1:A4S5dvAhpm+DRdQbno5Rn4Jvj0UVGJmOUKQXataNIDg=
github.com/aerogo/session-store-memory v0.1.1 h1:ak8uPsbCtkX9yRWS+jWk+iJ8CI3MU/dNyZ0maIGRCJY=
github.com/aerogo/session-store-memory v0.1.1/go.mod h1:TRJb7R48J2wdeUsbZUg5KM+s8UB8F3kt6o4UhGcrFb8=
github.com/akyoto/color v1.8.1 h1:HpoHQMGnBYZNpNuayXDKJMlGKvbvGipLYRtGV24SOgM=
github.com/akyoto/color v1.8.1/go.mod h1:M0u9nnLt9zM2qp08X40EVVFeR+FgNI2NG0InuiDBTQ0=
github.com/akyoto/color v1.8.2 h1:FOTpvfQkCk00yCl8oU/wjO3+jBi3FWpwUogLkeyzWfU=
github.com/akyoto/color v1.8.2/go.mod h1:wiwOfYJb0XdHYznfIes7wjr79A/EjGPZ64FfbwJv4RY=
github.com/akyoto/go-matroska v0.1.0 h1:efUbSmfeHHLqYxWBHkrllHSWX5JrxYaYNGkQ8CEr98s=
github.com/akyoto/go-matroska v0.1.0/go.mod h1:x+GUVwyby6HN/MKKNP4BvGqP9VrHuEznfBf288gehek=
github.com/akyoto/imageoutput v0.1.0 h1:N3lnvyH4P4HTDTyOdBBRySHs3Hj6JJSqxpmX21hZhc8=
github.com/akyoto/imageoutput v0.1.0/go.mod h1:DNm8efGAeiWeBSK291Vu6SlKIPBUWUqw21f7XbgswiU=
github.com/akyoto/webpush-go v0.1.0 h1:DBrOX3i9oQ3GuJs6a7K344vHrWbZaPTaYjPNEOg3CgI=
github.com/akyoto/webpush-go v0.1.0/go.mod h1:CKtX9fZhfXonXYlZViPuOAbKu9iGL6jZg417I9t5j6o=
github.com/andybalholm/cascadia v1.0.0 h1:hOCXnnZ5A+3eVDX8pvgl4kofXv2ELss0bKcqRySc45o=
github.com/andybalholm/cascadia v1.0.0/go.mod h1:GsXiBklL0woXo1j/WYWtSYYC4ouU9PqHO0sqidkEA4Y=
github.com/animenotifier/anilist v0.2.0 h1:ntjGlRbJIUGJaXuvE+561vwvmUA8ZyYpLLCKR3SoQ2o=
github.com/animenotifier/anilist v0.2.0/go.mod h1:giZcbmITsICRCZHJ1eWcuYpQp5ZJK0gnMMaiUD0P4Yo=
github.com/animenotifier/ffxiv v0.1.0 h1:N9gX5iUtD+g/KW4OjKIclS0y2WrL/+Ko9rGEFDaLf1w=
github.com/animenotifier/ffxiv v0.1.0/go.mod h1:oBHhRzQAUv+dBe4qFJAFnTg7qv5Gl6QFHQphyJla74Q=
github.com/animenotifier/japanese v0.2.1 h1:O2Fui6+8pmdniQ+swSf+Yp276+iTrSTfvImPRclbFFU=
github.com/animenotifier/japanese v0.2.1/go.mod h1:HLrrnBE9ztkw9iMcVrm7DKaXydAq21UpZIp1MpKajQI=
github.com/animenotifier/kitsu v0.2.0 h1:Zzr2/GIR+KZn7elZjwtprjwCA0LCKmJ7hcMt7qGT3DM=
github.com/animenotifier/kitsu v0.2.0/go.mod h1:Mp8rgLFsGlHiSqYnLtQOWrAIs3x4HVIkKY1cXa8HHJs=
github.com/animenotifier/mal v0.2.0 h1:v0D9Wf9W0nbIH91L6Ho8BqSECNn8XTVqc4OjyfNEyhw=
github.com/animenotifier/mal v0.2.0/go.mod h1:iOBzJnEtW4fwHVxBuyfznd5aNpFui6ytDdF0XrdlU2g=
github.com/animenotifier/osu v0.1.0 h1:hohUvID0x2c7Yy5IAgikDG/V3GavuNORNlK7eHgtRe0=
github.com/animenotifier/osu v0.1.0/go.mod h1:Q8ALGMj+LHrGGDjq0a2hZd3QtHDKlE2HHmsyKxUYlPQ=
github.com/animenotifier/overwatch v0.1.0 h1:GGt/4iZdR15j9TBO6YyG06zIflnlAS1Y4yigTwyNQ5Y=
github.com/animenotifier/overwatch v0.1.0/go.mod h1:mVw/QAd1Kvy0umdBarb/fO9l3aA6OUMvam3CehpwCqU=
github.com/animenotifier/shoboi v0.2.0 h1:QcFUZWaNPjGVwN64362sL/Fwrm5mR2uRA0SjZaEDDsg=
github.com/animenotifier/shoboi v0.2.0/go.mod h1:stgzOzpTiROugSvyBiEKe6cLMm4QUXJIvT93FzVAUq8=
github.com/animenotifier/twist v0.2.0 h1:6r2+8I1Qke+uodKh/pGm6+bP79LXhfhyI6w9IWIab2o=
github.com/animenotifier/twist v0.2.0/go.mod h1:7QWjbXrzL0rzEqiFP0r9b0LJvnfsTae5ScfEcFDrkcU=
github.com/chai2010/webp v1.1.0 h1:4Ei0/BRroMF9FaXDG2e4OxwFcuW2vcXd+A6tyqTJUQQ=
github.com/chai2010/webp v1.1.0/go.mod h1:LP12PG5IFmLGHUU26tBiCBKnghxx3toZFwDjOYvd3Ow=
github.com/davecgh/go-spew v1.1.0/go.mod h1:J7Y8YcW2NihsgmVo/mv3lAwl/skON4iLHjSsI+c5H38=
github.com/davecgh/go-spew v1.1.1 h1:vj9j/u1bqnvCEfJOwUhtlOARqs3+rkHYY13jYWTU97c=
github.com/davecgh/go-spew v1.1.1/go.mod h1:J7Y8YcW2NihsgmVo/mv3lAwl/skON4iLHjSsI+c5H38=
github.com/dgrijalva/jwt-go v3.2.0+incompatible h1:7qlOGliEKZXTDg6OTjfoBKDXWrumCAMpl/TFQ4/5kLM=
github.com/dgrijalva/jwt-go v3.2.0+incompatible/go.mod h1:E3ru+11k8xSBh+hMPgOLZmtrrCbhqsmaPHjLKYnJCaQ=
github.com/disintegration/imaging v1.6.0 h1:nVPXRUUQ36Z7MNf0O77UzgnOb1mkMMor7lmJMJXc/mA=
github.com/disintegration/imaging v1.6.0/go.mod h1:xuIt+sRxDFrHS0drzXUlCJthkJ8k7lkkUojDSR247MQ=
github.com/gojp/kana v0.0.0-20181103114341-6edbc04c5042/go.mod h1:kWp5hDdJQqnZ2E3SQNQe+iejY63SZ+JdlbnW+qn7vxY=
github.com/google/uuid v1.1.1 h1:Gkbcsh/GbpXz7lPftLA3P6TYMwjCLYm83jiFQZF/3gY=
github.com/google/uuid v1.1.1/go.mod h1:TIyPZe4MgqvfeYDBFedMoGGpEw/LqOeaOT+nhxU+yHo=
github.com/ikawaha/kagome v1.9.0/go.mod h1:eEV1yEy8Hm2eJRMz6nU1OlbrafRqXTECbsmm9aUMX2s=
github.com/json-iterator/go v1.1.6 h1:MrUvLMLTMxbqFJ9kzlvat/rYZqZnW3u4wkLzWTaFwKs=
github.com/json-iterator/go v1.1.6/go.mod h1:+SdeFBvtyEkXs7REEP0seUULqWtbJapLOCVDaaPEHmU=
github.com/julienschmidt/httprouter v1.2.0 h1:TDTW5Yz1mjftljbcKqRcrYhd4XeOoI98t+9HbQbYf7g=
github.com/julienschmidt/httprouter v1.2.0/go.mod h1:SYymIcj16QtmaHHD7aYtjjsJG7VTCxuUUipMqKk8s4w=
github.com/klauspost/compress v1.4.0/go.mod h1:RyIbtBH6LamlWaDj8nUwkbUhJ87Yi3uG0guNDohfE1A=
github.com/klauspost/compress v1.4.1 h1:8VMb5+0wMgdBykOV96DwNwKFQ+WTI4pzYURP99CcB9E=
github.com/klauspost/compress v1.4.1/go.mod h1:RyIbtBH6LamlWaDj8nUwkbUhJ87Yi3uG0guNDohfE1A=
github.com/klauspost/compress v1.5.0 h1:iDac0ZKbmSA4PRrRuXXjZL8C7UoJan8oBYxXkMzEQrI=
github.com/klauspost/compress v1.5.0/go.mod h1:RyIbtBH6LamlWaDj8nUwkbUhJ87Yi3uG0guNDohfE1A=
github.com/klauspost/cpuid v0.0.0-20180405133222-e7e905edc00e/go.mod h1:Pj4uuM528wm8OyEC2QMXAi2YiTZ96dNQPGgoMS4s3ek=
github.com/klauspost/cpuid v1.2.1 h1:vJi+O/nMdFt0vqm8NZBI6wzALWdA2X+egi0ogNyrC/w=
github.com/klauspost/cpuid v1.2.1/go.mod h1:Pj4uuM528wm8OyEC2QMXAi2YiTZ96dNQPGgoMS4s3ek=
github.com/logpacker/PayPal-Go-SDK v1.1.4 h1:YXfHvkDLMKkdmHmeusBum45MMG4n3iJeeQ9mZPWPAUQ=
github.com/logpacker/PayPal-Go-SDK v1.1.4/go.mod h1:DUf5ncyG0n3jFnU9VsuQqe/Vo6KHtWQ6HYf80JwP4rY=
github.com/mattn/go-colorable v0.1.1 h1:G1f5SKeVxmagw/IyvzvtZE4Gybcc4Tr1tf7I8z0XgOg=
github.com/mattn/go-colorable v0.1.1/go.mod h1:FuOcm+DKB9mbwrcAfNl7/TZVBZ6rcnceauSikq3lYCQ=
github.com/mattn/go-isatty v0.0.5/go.mod h1:Iq45c/XA43vh69/j3iqttzPXn0bhXyGjM0Hdxcsrc5s=
github.com/mattn/go-isatty v0.0.7 h1:UvyT9uN+3r7yLEYSlJsbQGdsaB/a0DlgWP3pql6iwOc=
github.com/mattn/go-isatty v0.0.7/go.mod h1:Iq45c/XA43vh69/j3iqttzPXn0bhXyGjM0Hdxcsrc5s=
github.com/microcosm-cc/bluemonday v1.0.2 h1:5lPfLTTAvAbtS0VqT+94yOtFnGfUWYyx0+iToC3Os3s=
github.com/microcosm-cc/bluemonday v1.0.2/go.mod h1:iVP4YcDBq+n/5fb23BhYFvIMq/leAFZyRl6bYmGDlGc=
github.com/modern-go/concurrent v0.0.0-20180306012644-bacd9c7ef1dd h1:TRLaZ9cD/w8PVh93nsPXa1VrQ6jlwL5oN8l14QlcNfg=
github.com/modern-go/concurrent v0.0.0-20180306012644-bacd9c7ef1dd/go.mod h1:6dJC0mAP4ikYIbvyc7fijjWJddQyLn8Ig3JB5CqoB9Q=
github.com/modern-go/reflect2 v1.0.1 h1:9f412s+6RmYXLWZSEzVVgPGK7C2PphHj5RJrvfx9AWI=
github.com/modern-go/reflect2 v1.0.1/go.mod h1:bx2lNnkwVCuqBIxFjflWJWanXIb3RllmbCylyMrvgv0=
github.com/mohae/deepcopy v0.0.0-20170929034955-c48cc78d4826 h1:RWengNIwukTxcDr9M+97sNutRR1RKhG96O6jWumTTnw=
github.com/mohae/deepcopy v0.0.0-20170929034955-c48cc78d4826/go.mod h1:TaXosZuwdSHYgviHp1DAtfrULt5eUgsSMsZf+YrPgl8=
github.com/pmezard/go-difflib v1.0.0 h1:4DBwDE0NGyQoBHbLQYPwSUPoCMWR5BEzIk/f1lZbAQM=
github.com/pmezard/go-difflib v1.0.0/go.mod h1:iKH77koFhYxTK1pcRnkKkqfTogsbg7gZNVY4sRDYZ/4=
github.com/russross/blackfriday v2.0.0+incompatible h1:cBXrhZNUf9C+La9/YpS+UHpUT8YD6Td9ZMSU9APFcsk=
github.com/russross/blackfriday v2.0.0+incompatible/go.mod h1:JO/DiYxRf+HjHt06OyowR9PTA263kcR/rfWxYHBV53g=
github.com/shurcooL/sanitized_anchor_name v1.0.0 h1:PdmoCO6wvbs+7yrJyMORt4/BmY5IYyJwS/kOiWx8mHo=
github.com/shurcooL/sanitized_anchor_name v1.0.0/go.mod h1:1NzhyTcUVG4SuEtjjoZeVRXNmyL/1OwPU0+IJeTBvfc=
github.com/stretchr/objx v0.1.0/go.mod h1:HFkY916IF+rwdDfMAkV7OtwuqBVzrE8GR6GFx+wExME=
github.com/stretchr/testify v1.3.0 h1:TivCn/peBQ7UY8ooIcPgZFpTNSz0Q2U6UrFlUfqbe0Q=
github.com/stretchr/testify v1.3.0/go.mod h1:M5WIy9Dh21IEIfnGCwXGc5bZfKNJtfHm1UVUgZn+9EI=
github.com/tdewolff/parse v2.3.4+incompatible h1:x05/cnGwIMf4ceLuDMBOdQ1qGniMoxpP46ghf0Qzh38=
github.com/tdewolff/parse v2.3.4+incompatible/go.mod h1:8oBwCsVmUkgHO8M5iCzSIDtpzXOT0WXX9cWhz+bIzJQ=
github.com/tdewolff/test v1.0.0 h1:jOwzqCXr5ePXEPGJaq2ivoR6HOCi+D5TPfpoyg8yvmU=
github.com/tdewolff/test v1.0.0/go.mod h1:DiQUlutnqlEvdvhSn2LPGy4TFwRauAaYDsL+683RNX4=
github.com/teris-io/shortid v0.0.0-20171029131806-771a37caa5cf h1:Z2X3Os7oRzpdJ75iPqWZc0HeJWFYNCvKsfpQwFpRNTA=
github.com/teris-io/shortid v0.0.0-20171029131806-771a37caa5cf/go.mod h1:M8agBzgqHIhgj7wEn9/0hJUZcrvt9VY+Ln+S1I5Mha0=
github.com/tomasen/realip v0.0.0-20180522021738-f0c99a92ddce h1:fb190+cK2Xz/dvi9Hv8eCYJYvIGUTN2/KLq1pT6CjEc=
github.com/tomasen/realip v0.0.0-20180522021738-f0c99a92ddce/go.mod h1:o8v6yHRoik09Xen7gje4m9ERNah1d1PPsVq1VEx9vE4=
github.com/ungerik/go-gravatar v0.0.0-20120802094239-6ab22628222a h1:TZyMbJbyPL+4/ndyXns8aNDrmUJn5a6aV8lj3qEM7fM=
github.com/ungerik/go-gravatar v0.0.0-20120802094239-6ab22628222a/go.mod h1:cmQAsXze586z5DHYfoVO9jZBampncP3iuhVgujPqdxk=
github.com/valyala/bytebufferpool v1.0.0 h1:GqA5TC/0021Y/b9FG4Oi9Mr3q7XYx6KllzawFIhcdPw=
github.com/valyala/bytebufferpool v1.0.0/go.mod h1:6bBcMArwyJ5K/AmCkWv1jt77kVWyCJ6HpOuEn7z0Csc=
github.com/valyala/fasthttp v1.2.0 h1:dzZJf2IuMiclVjdw0kkT+f9u4YdrapbNyGAN47E/qnk=
github.com/valyala/fasthttp v1.2.0/go.mod h1:4vX61m6KN+xDduDNwXrhIAVZaZaZiQ1luJk8LWSxF3s=
github.com/valyala/tcplisten v0.0.0-20161114210144-ceec8f93295a/go.mod h1:v3UYOV9WzVtRmSR+PDvWpU/qWl4Wa5LApYYX4ZtKbio=
github.com/ventu-io/go-shortid v0.0.0-20171029131806-771a37caa5cf h1:cgAKVljim9RJRcJNGjnBUajXj1FupBSdWwW4JaQG7vk=
github.com/ventu-io/go-shortid v0.0.0-20171029131806-771a37caa5cf/go.mod h1:6rZqAOk/eYX5FJyjQJ6Z3RBSN389IXX2ijwW4FcggaM=
github.com/xrash/smetrics v0.0.0-20170218160415-a3153f7040e9 h1:w8V9v0qVympSF6GjdjIyeqR7+EVhAF9CBQmkmW7Zw0w=
github.com/xrash/smetrics v0.0.0-20170218160415-a3153f7040e9/go.mod h1:N3UwUGtsrSj3ccvlPHLoLsHnpR27oXr4ZE984MbSER8=
golang.org/x/crypto v0.0.0-20190308221718-c2843e01d9a2/go.mod h1:djNgcEr1/C05ACkg1iLfiJU5Ep61QUkGW8qpdssI0+w=
golang.org/x/crypto v0.0.0-20190422183909-d864b10871cd h1:sMHc2rZHuzQmrbVoSpt9HgerkXPyIeCSO6k0zUMGfFk=
golang.org/x/crypto v0.0.0-20190422183909-d864b10871cd/go.mod h1:yigFU9vqHzYiE8UmvKecakEJjdnWj3jj499lnFckfCI=
golang.org/x/crypto v0.0.0-20190426145343-a29dc8fdc734 h1:p/H982KKEjUnLJkM3tt/LemDnOc1GiZL5FCVlORJ5zo=
golang.org/x/crypto v0.0.0-20190426145343-a29dc8fdc734/go.mod h1:yigFU9vqHzYiE8UmvKecakEJjdnWj3jj499lnFckfCI=
golang.org/x/image v0.0.0-20180708004352-c73c2afc3b81 h1:00VmoueYNlNz/aHIilyyQz/MHSqGoWJzpFv/HW8xpzI=
golang.org/x/image v0.0.0-20180708004352-c73c2afc3b81/go.mod h1:ux5Hcp/YLpHSI86hEcLt0YII63i6oz57MZXIpbrjZUs=
golang.org/x/image v0.0.0-20190424155947-59b11bec70c7 h1:OIchhgIITCxOyycwe8n9adxV37/WqbetxrpXNm7oPqI=
golang.org/x/image v0.0.0-20190424155947-59b11bec70c7/go.mod h1:kZ7UVZpmo3dzQBMxlp+ypCbDeSB+sBbTgSJuh5dn5js=
golang.org/x/net v0.0.0-20180218175443-cbe0f9307d01/go.mod h1:mL1N/T3taQHkDXs73rZJwtUhF3w3ftmwwsq0BUmARs4=
golang.org/x/net v0.0.0-20180911220305-26e67e76b6c3/go.mod h1:mL1N/T3taQHkDXs73rZJwtUhF3w3ftmwwsq0BUmARs4=
golang.org/x/net v0.0.0-20181114220301-adae6a3d119a/go.mod h1:mL1N/T3taQHkDXs73rZJwtUhF3w3ftmwwsq0BUmARs4=
golang.org/x/net v0.0.0-20181220203305-927f97764cc3/go.mod h1:mL1N/T3taQHkDXs73rZJwtUhF3w3ftmwwsq0BUmARs4=
golang.org/x/net v0.0.0-20190404232315-eb5bcb51f2a3/go.mod h1:t9HGtf8HONx5eT2rtn7q6eTqICYqUVnKs3thJo3Qplg=
golang.org/x/net v0.0.0-20190424112056-4829fb13d2c6 h1:FP8hkuE6yUEaJnK7O2eTuejKWwW+Rhfj80dQ2JcKxCU=
golang.org/x/net v0.0.0-20190424112056-4829fb13d2c6/go.mod h1:t9HGtf8HONx5eT2rtn7q6eTqICYqUVnKs3thJo3Qplg=
golang.org/x/sync v0.0.0-20190412183630-56d357773e84/go.mod h1:RxMgew5VJxzue5/jJTE5uejpjVlOe/izrB70Jof72aM=
golang.org/x/sync v0.0.0-20190423024810-112230192c58 h1:8gQV6CLnAEikrhgkHFbMAEhagSSnXWGV915qUMm9mrU=
golang.org/x/sync v0.0.0-20190423024810-112230192c58/go.mod h1:RxMgew5VJxzue5/jJTE5uejpjVlOe/izrB70Jof72aM=
golang.org/x/sys v0.0.0-20190215142949-d0b11bdaac8a/go.mod h1:STP8DvDyc/dI5b8T5hshtkjS+E42TnysNCUPdjciGhY=
golang.org/x/sys v0.0.0-20190222072716-a9d3bda3a223/go.mod h1:STP8DvDyc/dI5b8T5hshtkjS+E42TnysNCUPdjciGhY=
golang.org/x/sys v0.0.0-20190412213103-97732733099d/go.mod h1:h1NjWce9XRLGQEsW7wpKNCjG9DtNlClVuFLEZdDNbEs=
golang.org/x/sys v0.0.0-20190422165155-953cdadca894 h1:Cz4ceDQGXuKRnVBDTS23GTn/pU5OE2C0WrNTOYK1Uuc=
golang.org/x/sys v0.0.0-20190422165155-953cdadca894/go.mod h1:h1NjWce9XRLGQEsW7wpKNCjG9DtNlClVuFLEZdDNbEs=
golang.org/x/sys v0.0.0-20190426135247-a129542de9ae h1:mQLHiymj/JXKnnjc62tb7nD5pZLs940/sXJu+Xp3DBA=
golang.org/x/sys v0.0.0-20190426135247-a129542de9ae/go.mod h1:h1NjWce9XRLGQEsW7wpKNCjG9DtNlClVuFLEZdDNbEs=
golang.org/x/sys v0.0.0-20190428183149-804c0c7841b5 h1:m0i9YywO9THhxmJvLEwKJDD/pD8ljCB+EaT/wYS41Is=
golang.org/x/sys v0.0.0-20190428183149-804c0c7841b5/go.mod h1:h1NjWce9XRLGQEsW7wpKNCjG9DtNlClVuFLEZdDNbEs=
golang.org/x/text v0.3.0/go.mod h1:NqM8EUOU14njkJ3fqMW+pc6Ldnwhi/IjpwHt7yyuwOQ=
gopkg.in/alexcesaro/quotedprintable.v3 v3.0.0-20150716171945-2caba252f4dc h1:2gGKlE2+asNV9m7xrywl36YYNnBG5ZQ0r/BOOxqPpmk=
gopkg.in/alexcesaro/quotedprintable.v3 v3.0.0-20150716171945-2caba252f4dc/go.mod h1:m7x9LTH6d71AHyAX77c9yqWCCa3UKHcVEj9y7hAtKDk=
gopkg.in/gomail.v2 v2.0.0-20160411212932-81ebce5c23df h1:n7WqCuqOuCbNr617RXOY0AWRXxgwEyPp2z+p0+hgMuE=
gopkg.in/gomail.v2 v2.0.0-20160411212932-81ebce5c23df/go.mod h1:LRQQ+SO6ZHR7tOkpBDuZnXENFzX8qRjMDMyPD6BRkCw=
